
Microsoft Visual Studio Solution File, Format Version 10.00
# Visual Studio 2008
Project("{8BC9CEB8-8B4A-11D0-8D11-00A0C91BC942}") = "opcspot", "opcspot.vcproj", "{C880740C-9A75-4CED-9E31-8C8A62F91B8D}"
EndProject
Project("{8BC9CEB8-8B4A-11D0-8D11-00A0C91BC942}") = "opcspotPS", "opcspotPS.vcproj", "{7442DD55-C9A9-4175-B101-2F073DE7E676}"
	ProjectSection(ProjectDependencies) = postProject
		{C880740C-9A75-4CED-9E31-8C8A62F91B8D} = {C880740C-9A75-4CED-9E31-8C8A62F91B8D}
	EndProjectSection
EndProject
Global
	GlobalSection(SolutionConfigurationPlatforms) = preSolution
		Debug|Win32 = Debug|Win32
		Release|Win32 = Release|Win32
	EndGlobalSection
	GlobalSection(ProjectConfigurationPlatforms) = postSolution
		{C880740C-9A75-4CED-9E31-8C8A62F91B8D}.Debug|Win32.ActiveCfg = Debug|Win32
		{C880740C-9A75-4CED-9E31-8C8A62F91B8D}.Debug|Win32.Build.0 = Debug|Win32
		{C880740C-9A75-4CED-9E31-8C8A62F91B8D}.Release|Win32.ActiveCfg = Release|Win32
		{C880740C-9A75-4CED-9E31-8C8A62F91B8D}.Release|Win32.Build.0 = Release|Win32
		{7442DD55-C9A9-4175-B101-2F073DE7E676}.Debug|Win32.ActiveCfg = Debug|Win32
		{7442DD55-C9A9-4175-B101-2F073DE7E676}.Release|Win32.ActiveCfg = Release|Win32
	EndGlobalSection
	GlobalSection(SolutionProperties) = preSolution
		HideSolutionNode = FALSE
	EndGlobalSection
EndGlobal
